PODS:
  - RxCocoa (3.3.1):
    - RxSwift (~> 3.3)
  - RxSwift (3.3.1)

DEPENDENCIES:
  - RxCocoa
  - RxSwift

SPEC CHECKSUMS:
  RxCocoa: 7dcb7a1860fc9cd0e23dae67ab105fc2916670b6
  RxSwift: 8fc9f2de6275a9101d518444e00bf32f1a42caac

PODFILE CHECKSUM: f9fc20bd22681052e0816610f0c98710f0825db3

COCOAPODS: 1.2.0
